Microsoft Visual Studio Solution File, Format Version 11.00
# Visual Studio 2010
Project("{8BC9CEB8-8B4A-11D0-8D11-00A0C91BC942}") = "ALL_BUILD", "ALL_BUILD.vcxproj", "{D19F6258-06D8-48F9-B47D-E62B4759E74B}"
	ProjectSection(ProjectDependencies) = postProject
		{570B54FB-C0FD-4DCD-AAAA-4F7D4DA96AEE} = {570B54FB-C0FD-4DCD-AAAA-4F7D4DA96AEE}
		{32B24948-7570-4057-A93D-99CE071EABDA} = {32B24948-7570-4057-A93D-99CE071EABDA}
		{B8AF774A-23AF-4655-9C33-09E1A7F723B5} = {B8AF774A-23AF-4655-9C33-09E1A7F723B5}
		{CF362472-713A-4338-AC80-EDC3E9A978DD} = {CF362472-713A-4338-AC80-EDC3E9A978DD}
		{AB01A41B-F0A0-4300-BE51-EAAAFC5A7627} = {AB01A41B-F0A0-4300-BE51-EAAAFC5A7627}
	EndProjectSection
EndProject
Project("{8BC9CEB8-8B4A-11D0-8D11-00A0C91BC942}") = "ZERO_CHECK", "ZERO_CHECK.vcxproj", "{570B54FB-C0FD-4DCD-AAAA-4F7D4DA96AEE}"
	ProjectSection(ProjectDependencies) = postProject
	EndProjectSection
EndProject
Project("{8BC9CEB8-8B4A-11D0-8D11-00A0C91BC942}") = "gtest", "3rdparty\gtest.vcxproj", "{32B24948-7570-4057-A93D-99CE071EABDA}"
	ProjectSection(ProjectDependencies) = postProject
		{570B54FB-C0FD-4DCD-AAAA-4F7D4DA96AEE} = {570B54FB-C0FD-4DCD-AAAA-4F7D4DA96AEE}
	EndProjectSection
EndProject
Project("{8BC9CEB8-8B4A-11D0-8D11-00A0C91BC942}") = "matrix_sample", "samples\matrix_sample.vcxproj", "{B8AF774A-23AF-4655-9C33-09E1A7F723B5}"
	ProjectSection(ProjectDependencies) = postProject
		{570B54FB-C0FD-4DCD-AAAA-4F7D4DA96AEE} = {570B54FB-C0FD-4DCD-AAAA-4F7D4DA96AEE}
		{CF362472-713A-4338-AC80-EDC3E9A978DD} = {CF362472-713A-4338-AC80-EDC3E9A978DD}
	EndProjectSection
EndProject
Project("{8BC9CEB8-8B4A-11D0-8D11-00A0C91BC942}") = "practice1", "src\practice1.vcxproj", "{CF362472-713A-4338-AC80-EDC3E9A978DD}"
	ProjectSection(ProjectDependencies) = postProject
		{570B54FB-C0FD-4DCD-AAAA-4F7D4DA96AEE} = {570B54FB-C0FD-4DCD-AAAA-4F7D4DA96AEE}
	EndProjectSection
EndProject
Project("{8BC9CEB8-8B4A-11D0-8D11-00A0C91BC942}") = "practice1_test", "test\practice1_test.vcxproj", "{AB01A41B-F0A0-4300-BE51-EAAAFC5A7627}"
	ProjectSection(ProjectDependencies) = postProject
		{570B54FB-C0FD-4DCD-AAAA-4F7D4DA96AEE} = {570B54FB-C0FD-4DCD-AAAA-4F7D4DA96AEE}
		{32B24948-7570-4057-A93D-99CE071EABDA} = {32B24948-7570-4057-A93D-99CE071EABDA}
		{CF362472-713A-4338-AC80-EDC3E9A978DD} = {CF362472-713A-4338-AC80-EDC3E9A978DD}
	EndProjectSection
EndProject
Global
	GlobalSection(SolutionConfigurationPlatforms) = preSolution
		Debug|x64 = Debug|x64
		Release|x64 = Release|x64
		MinSizeRel|x64 = MinSizeRel|x64
		RelWithDebInfo|x64 = RelWithDebInfo|x64
	EndGlobalSection
	GlobalSection(ProjectConfigurationPlatforms) = postSolution
		{D19F6258-06D8-48F9-B47D-E62B4759E74B}.Debug|x64.ActiveCfg = Debug|x64
		{D19F6258-06D8-48F9-B47D-E62B4759E74B}.Release|x64.ActiveCfg = Release|x64
		{D19F6258-06D8-48F9-B47D-E62B4759E74B}.MinSizeRel|x64.ActiveCfg = MinSizeRel|x64
		{D19F6258-06D8-48F9-B47D-E62B4759E74B}.RelWithDebInfo|x64.ActiveCfg = RelWithDebInfo|x64
		{570B54FB-C0FD-4DCD-AAAA-4F7D4DA96AEE}.Debug|x64.ActiveCfg = Debug|x64
		{570B54FB-C0FD-4DCD-AAAA-4F7D4DA96AEE}.Debug|x64.Build.0 = Debug|x64
		{570B54FB-C0FD-4DCD-AAAA-4F7D4DA96AEE}.Release|x64.ActiveCfg = Release|x64
		{570B54FB-C0FD-4DCD-AAAA-4F7D4DA96AEE}.Release|x64.Build.0 = Release|x64
		{570B54FB-C0FD-4DCD-AAAA-4F7D4DA96AEE}.MinSizeRel|x64.ActiveCfg = MinSizeRel|x64
		{570B54FB-C0FD-4DCD-AAAA-4F7D4DA96AEE}.MinSizeRel|x64.Build.0 = MinSizeRel|x64
		{570B54FB-C0FD-4DCD-AAAA-4F7D4DA96AEE}.RelWithDebInfo|x64.ActiveCfg = RelWithDebInfo|x64
		{570B54FB-C0FD-4DCD-AAAA-4F7D4DA96AEE}.RelWithDebInfo|x64.Build.0 = RelWithDebInfo|x64
		{32B24948-7570-4057-A93D-99CE071EABDA}.Debug|x64.ActiveCfg = Debug|x64
		{32B24948-7570-4057-A93D-99CE071EABDA}.Debug|x64.Build.0 = Debug|x64
		{32B24948-7570-4057-A93D-99CE071EABDA}.Release|x64.ActiveCfg = Release|x64
		{32B24948-7570-4057-A93D-99CE071EABDA}.Release|x64.Build.0 = Release|x64
		{32B24948-7570-4057-A93D-99CE071EABDA}.MinSizeRel|x64.ActiveCfg = MinSizeRel|x64
		{32B24948-7570-4057-A93D-99CE071EABDA}.MinSizeRel|x64.Build.0 = MinSizeRel|x64
		{32B24948-7570-4057-A93D-99CE071EABDA}.RelWithDebInfo|x64.ActiveCfg = RelWithDebInfo|x64
		{32B24948-7570-4057-A93D-99CE071EABDA}.RelWithDebInfo|x64.Build.0 = RelWithDebInfo|x64
		{B8AF774A-23AF-4655-9C33-09E1A7F723B5}.Debug|x64.ActiveCfg = Debug|x64
		{B8AF774A-23AF-4655-9C33-09E1A7F723B5}.Debug|x64.Build.0 = Debug|x64
		{B8AF774A-23AF-4655-9C33-09E1A7F723B5}.Release|x64.ActiveCfg = Release|x64
		{B8AF774A-23AF-4655-9C33-09E1A7F723B5}.Release|x64.Build.0 = Release|x64
		{B8AF774A-23AF-4655-9C33-09E1A7F723B5}.MinSizeRel|x64.ActiveCfg = MinSizeRel|x64
		{B8AF774A-23AF-4655-9C33-09E1A7F723B5}.MinSizeRel|x64.Build.0 = MinSizeRel|x64
		{B8AF774A-23AF-4655-9C33-09E1A7F723B5}.RelWithDebInfo|x64.ActiveCfg = RelWithDebInfo|x64
		{B8AF774A-23AF-4655-9C33-09E1A7F723B5}.RelWithDebInfo|x64.Build.0 = RelWithDebInfo|x64
		{CF362472-713A-4338-AC80-EDC3E9A978DD}.Debug|x64.ActiveCfg = Debug|x64
		{CF362472-713A-4338-AC80-EDC3E9A978DD}.Debug|x64.Build.0 = Debug|x64
		{CF362472-713A-4338-AC80-EDC3E9A978DD}.Release|x64.ActiveCfg = Release|x64
		{CF362472-713A-4338-AC80-EDC3E9A978DD}.Release|x64.Build.0 = Release|x64
		{CF362472-713A-4338-AC80-EDC3E9A978DD}.MinSizeRel|x64.ActiveCfg = MinSizeRel|x64
		{CF362472-713A-4338-AC80-EDC3E9A978DD}.MinSizeRel|x64.Build.0 = MinSizeRel|x64
		{CF362472-713A-4338-AC80-EDC3E9A978DD}.RelWithDebInfo|x64.ActiveCfg = RelWithDebInfo|x64
		{CF362472-713A-4338-AC80-EDC3E9A978DD}.RelWithDebInfo|x64.Build.0 = RelWithDebInfo|x64
		{AB01A41B-F0A0-4300-BE51-EAAAFC5A7627}.Debug|x64.ActiveCfg = Debug|x64
		{AB01A41B-F0A0-4300-BE51-EAAAFC5A7627}.Debug|x64.Build.0 = Debug|x64
		{AB01A41B-F0A0-4300-BE51-EAAAFC5A7627}.Release|x64.ActiveCfg = Release|x64
		{AB01A41B-F0A0-4300-BE51-EAAAFC5A7627}.Release|x64.Build.0 = Release|x64
		{AB01A41B-F0A0-4300-BE51-EAAAFC5A7627}.MinSizeRel|x64.ActiveCfg = MinSizeRel|x64
		{AB01A41B-F0A0-4300-BE51-EAAAFC5A7627}.MinSizeRel|x64.Build.0 = MinSizeRel|x64
		{AB01A41B-F0A0-4300-BE51-EAAAFC5A7627}.RelWithDebInfo|x64.ActiveCfg = RelWithDebInfo|x64
		{AB01A41B-F0A0-4300-BE51-EAAAFC5A7627}.RelWithDebInfo|x64.Build.0 = RelWithDebInfo|x64
	EndGlobalSection
	GlobalSection(ExtensibilityGlobals) = postSolution
	EndGlobalSection
	GlobalSection(ExtensibilityAddIns) = postSolution
	EndGlobalSection
EndGlobal
