<?xml version="1.0" encoding="utf-8"?>
<Project ToolsVersion="4.0" xmlns="http://schemas.microsoft.com/developer/msbuild/2003">
  <ItemGroup>
    <ClCompile Include="filters_factory.cpp">
      <Filter>Source Files</Filter>
    </ClCompile>
    <ClCompile Include="filters_Grishin_Sergey.cpp">
      <Filter>Source Files</Filter>
    </ClCompile>
    <ClCompile Include="filters_opencv.cpp">
      <Filter>Source Files</Filter>
    </ClCompile>
    <ClCompile Include="matrix.cpp">
      <Filter>Source Files</Filter>
    </ClCompile>
  </ItemGroup>
  <ItemGroup>
    <ClInclude Include="..\include\filters.hpp">
      <Filter>Header Files</Filter>
    </ClInclude>
    <ClInclude Include="..\include\matrix.hpp">
      <Filter>Header Files</Filter>
    </ClInclude>
  </ItemGroup>
  <ItemGroup>
    <CustomBuild Include="CMakeLists.txt" />
  </ItemGroup>
  <ItemGroup>
    <Filter Include="Source Files">
      <UniqueIdentifier>{5A41E723-EBFF-490E-9CB0-98BB65E418F4}</UniqueIdentifier>
    </Filter>
    <Filter Include="Header Files">
      <UniqueIdentifier>{E45EF1AC-4469-45B5-A1F6-571C8C6AF9CD}</UniqueIdentifier>
    </Filter>
  </ItemGroup>
</Project>
